version = 1
revision = 3
requires-python = ">=3.12"

[[package]]
name = "simple-flake"
version = "0.0.0"
source = { virtual = "." }
dependencies = [
    { name = "vapoursynth" },
]

[package.metadata]
requires-dist = [{ name = "vapoursynth", specifier = "==73" }]

[[package]]
name = "vapoursynth"
version = "73"
source = { registry = "https://pypi.org/simple" }
sdist = { url = "https://files.pythonhosted.org/packages/40/29/85866b3c00b9f7e4b34007da02e2db286cc39370a0823108ce204ea5cc6b/vapoursynth-73.tar.gz", hash = "sha256:d52b29f37617a594c5dd1580e7831a08800d5fb5ae8fc8e833fa70bdf1178cc3", size = 67402, upload-time = "2025-11-24T16:58:32.223Z" }
wheels = [
    { url = "https://files.pythonhosted.org/packages/73/e2/d621d4d4076277b98a244c38eb4bc3790fda3a3c66e5165fca4f6c2317a3/vapoursynth-73-cp312-abi3-win_amd64.whl", hash = "sha256:6f6543b2e3b62be14d23145ad8d14319b1eaf56cb9babd8fae2068411d31bc72", size = 1089499, upload-time = "2025-11-24T16:58:28.9Z" },
]
